// !$*UTF8*$!
{
	archiveVersion = 1;
	classes = {
	};
	objectVersion = 46;
	objects = {

/* Begin PBXBuildFile section */
		DB5DA0021D42048A0025FD21 /* RITLBannerCell.m in Sources */ = {isa = PBXBuildFile; fileRef = DB5D9FF21D42048A0025FD21 /* RITLBannerCell.m */; };
		DB5DA0031D42048A0025FD21 /* RITLBannerCell.xib in Resources */ = {isa = PBXBuildFile; fileRef = DB5D9FF31D42048A0025FD21 /* RITLBannerCell.xib */; };
		DB5DA0041D42048A0025FD21 /* RITLBannerTimer.m in Sources */ = {isa = PBXBuildFile; fileRef = DB5D9FF51D42048A0025FD21 /* RITLBannerTimer.m */; };
		DB5DA0051D42048A0025FD21 /* RITLBannerView.m in Sources */ = {isa = PBXBuildFile; fileRef = DB5D9FF71D42048A0025FD21 /* RITLBannerView.m */; };
		DB5DA0061D42048A0025FD21 /* YWebDataHandle.m in Sources */ = {isa = PBXBuildFile; fileRef = DB5D9FFA1D42048A0025FD21 /* YWebDataHandle.m */; };
		DB5DA0071D42048A0025FD21 /* YWebDownManager.m in Sources */ = {isa = PBXBuildFile; fileRef = DB5D9FFC1D42048A0025FD21 /* YWebDownManager.m */; };
		DB5DA0081D42048A0025FD21 /* YWebFileManager.m in Sources */ = {isa = PBXBuildFile; fileRef = DB5D9FFE1D42048A0025FD21 /* YWebFileManager.m */; };
		DB5DA0091D42048A0025FD21 /* UIImageView+YWebImage.m in Sources */ = {isa = PBXBuildFile; fileRef = DB5DA0011D42048A0025FD21 /* UIImageView+YWebImage.m */; };
		DBA1366C1D406DA600436EEA /* main.m in Sources */ = {isa = PBXBuildFile; fileRef = DBA1366B1D406DA600436EEA /* main.m */; };
		DBA1366F1D406DA600436EEA /* AppDelegate.m in Sources */ = {isa = PBXBuildFile; fileRef = DBA1366E1D406DA600436EEA /* AppDelegate.m */; };
		DBA136721D406DA600436EEA /* ViewController.m in Sources */ = {isa = PBXBuildFile; fileRef = DBA136711D406DA600436EEA /* ViewController.m */; };
		DBA136751D406DA600436EEA /* Main.storyboard in Resources */ = {isa = PBXBuildFile; fileRef = DBA136731D406DA600436EEA /* Main.storyboard */; };
		DBA136771D406DA600436EEA /* Assets.xcassets in Resources */ = {isa = PBXBuildFile; fileRef = DBA136761D406DA600436EEA /* Assets.xcassets */; };
		DBA1367A1D406DA600436EEA /* LaunchScreen.storyboard in Resources */ = {isa = PBXBuildFile; fileRef = DBA136781D406DA600436EEA /* LaunchScreen.storyboard */; };
		DBA136851D406DA600436EEA /* CollectionBannerViewTests.m in Sources */ = {isa = PBXBuildFile; fileRef = DBA136841D406DA600436EEA /* CollectionBannerViewTests.m */; };
		DBA136901D406DA600436EEA /* CollectionBannerViewUITests.m in Sources */ = {isa = PBXBuildFile; fileRef = DBA1368F1D406DA600436EEA /* CollectionBannerViewUITests.m */; };
		DBA136B71D40749300436EEA /* YZZBanner2.png in Resources */ = {isa = PBXBuildFile; fileRef = DBA136B41D40749300436EEA /* YZZBanner2.png */; };
		DBA136B81D40749300436EEA /* YZZBanner2@2x.png in Resources */ = {isa = PBXBuildFile; fileRef = DBA136B51D40749300436EEA /* YZZBanner2@2x.png */; };
		DBA136B91D40749300436EEA /* YZZBanner2@3x.png in Resources */ = {isa = PBXBuildFile; fileRef = DBA136B61D40749300436EEA /* YZZBanner2@3x.png */; };
		DBA136C01D40755D00436EEA /* YZZBanner1.png in Resources */ = {isa = PBXBuildFile; fileRef = DBA136BA1D40755D00436EEA /* YZZBanner1.png */; };
		DBA136C11D40755D00436EEA /* YZZBanner1@2x.png in Resources */ = {isa = PBXBuildFile; fileRef = DBA136BB1D40755D00436EEA /* YZZBanner1@2x.png */; };
		DBA136C21D40755D00436EEA /* YZZBanner1@3x.png in Resources */ = {isa = PBXBuildFile; fileRef = DBA136BC1D40755D00436EEA /* YZZBanner1@3x.png */; };
		DBA136C31D40755D00436EEA /* YZZBanner3.png in Resources */ = {isa = PBXBuildFile; fileRef = DBA136BD1D40755D00436EEA /* YZZBanner3.png */; };
		DBA136C41D40755D00436EEA /* YZZBanner3@2x.png in Resources */ = {isa = PBXBuildFile; fileRef = DBA136BE1D40755D00436EEA /* YZZBanner3@2x.png */; };
		DBA136C51D40755D00436EEA /* YZZBanner3@3x.png in Resources */ = {isa = PBXBuildFile; fileRef = DBA136BF1D40755D00436EEA /* YZZBanner3@3x.png */; };
/* End PBXBuildFile section */

/* Begin PBXContainerItemProxy section */
		DBA136811D406DA600436EEA /* PBXContainerItemProxy */ = {
			isa = PBXContainerItemProxy;
			containerPortal = DBA1365F1D406DA600436EEA /* Project object */;
			proxyType = 1;
			remoteGlobalIDString = DBA136661D406DA600436EEA;
			remoteInfo = CollectionBannerView;
		};
		DBA1368C1D406DA600436EEA /* PBXContainerItemProxy */ = {
			isa = PBXContainerItemProxy;
			containerPortal = DBA1365F1D406DA600436EEA /* Project object */;
			proxyType = 1;
			remoteGlobalIDString = DBA136661D406DA600436EEA;
			remoteInfo = CollectionBannerView;
		};
/* End PBXContainerItemProxy section */

/* Begin PBXFileReference section */
		DB249C001D40CA5C00F30E41 /* PrefixHeader.pch */ = {isa = PBXFileReference; lastKnownFileType = sourcecode.c.h; path = PrefixHeader.pch; sourceTree = "<group>"; };
		DB5D9FF11D42048A0025FD21 /* RITLBannerCell.h */ = {isa = PBXFileReference; fileEncoding = 4; lastKnownFileType = sourcecode.c.h; path = RITLBannerCell.h; sourceTree = "<group>"; };
		DB5D9FF21D42048A0025FD21 /* RITLBannerCell.m */ = {isa = PBXFileReference; fileEncoding = 4; lastKnownFileType = sourcecode.c.objc; path = RITLBannerCell.m; sourceTree = "<group>"; };
		DB5D9FF31D42048A0025FD21 /* RITLBannerCell.xib */ = {isa = PBXFileReference; fileEncoding = 4; lastKnownFileType = file.xib; path = RITLBannerCell.xib; sourceTree = "<group>"; };
		DB5D9FF41D42048A0025FD21 /* RITLBannerTimer.h */ = {isa = PBXFileReference; fileEncoding = 4; lastKnownFileType = sourcecode.c.h; path = RITLBannerTimer.h; sourceTree = "<group>"; };
		DB5D9FF51D42048A0025FD21 /* RITLBannerTimer.m */ = {isa = PBXFileReference; fileEncoding = 4; lastKnownFileType = sourcecode.c.objc; path = RITLBannerTimer.m; sourceTree = "<group>"; };
		DB5D9FF61D42048A0025FD21 /* RITLBannerView.h */ = {isa = PBXFileReference; fileEncoding = 4; lastKnownFileType = sourcecode.c.h; path = RITLBannerView.h; sourceTree = "<group>"; };
		DB5D9FF71D42048A0025FD21 /* RITLBannerView.m */ = {isa = PBXFileReference; fileEncoding = 4; lastKnownFileType = sourcecode.c.objc; path = RITLBannerView.m; sourceTree = "<group>"; };
		DB5D9FF91D42048A0025FD21 /* YWebDataHandle.h */ = {isa = PBXFileReference; fileEncoding = 4; lastKnownFileType = sourcecode.c.h; path = YWebDataHandle.h; sourceTree = "<group>"; };
		DB5D9FFA1D42048A0025FD21 /* YWebDataHandle.m */ = {isa = PBXFileReference; fileEncoding = 4; lastKnownFileType = sourcecode.c.objc; path = YWebDataHandle.m; sourceTree = "<group>"; };
		DB5D9FFB1D42048A0025FD21 /* YWebDownManager.h */ = {isa = PBXFileReference; fileEncoding = 4; lastKnownFileType = sourcecode.c.h; path = YWebDownManager.h; sourceTree = "<group>"; };
		DB5D9FFC1D42048A0025FD21 /* YWebDownManager.m */ = {isa = PBXFileReference; fileEncoding = 4; lastKnownFileType = sourcecode.c.objc; path = YWebDownManager.m; sourceTree = "<group>"; };
		DB5D9FFD1D42048A0025FD21 /* YWebFileManager.h */ = {isa = PBXFileReference; fileEncoding = 4; lastKnownFileType = sourcecode.c.h; path = YWebFileManager.h; sourceTree = "<group>"; };
		DB5D9FFE1D42048A0025FD21 /* YWebFileManager.m */ = {isa = PBXFileReference; fileEncoding = 4; lastKnownFileType = sourcecode.c.objc; path = YWebFileManager.m; sourceTree = "<group>"; };
		DB5DA0001D42048A0025FD21 /* UIImageView+YWebImage.h */ = {isa = PBXFileReference; fileEncoding = 4; lastKnownFileType = sourcecode.c.h; path = "UIImageView+YWebImage.h"; sourceTree = "<group>"; };
		DB5DA0011D42048A0025FD21 /* UIImageView+YWebImage.m */ = {isa = PBXFileReference; fileEncoding = 4; lastKnownFileType = sourcecode.c.objc; path = "UIImageView+YWebImage.m"; sourceTree = "<group>"; };
		DBA136671D406DA600436EEA /* CollectionBannerView.app */ = {isa = PBXFileReference; explicitFileType = wrapper.application; includeInIndex = 0; path = CollectionBannerView.app; sourceTree = BUILT_PRODUCTS_DIR; };
		DBA1366B1D406DA600436EEA /* main.m */ = {isa = PBXFileReference; lastKnownFileType = sourcecode.c.objc; path = main.m; sourceTree = "<group>"; };
		DBA1366D1D406DA600436EEA /* AppDelegate.h */ = {isa = PBXFileReference; lastKnownFileType = sourcecode.c.h; path = AppDelegate.h; sourceTree = "<group>"; };
		DBA1366E1D406DA600436EEA /* AppDelegate.m */ = {isa = PBXFileReference; lastKnownFileType = sourcecode.c.objc; path = AppDelegate.m; sourceTree = "<group>"; };
		DBA136701D406DA600436EEA /* ViewController.h */ = {isa = PBXFileReference; lastKnownFileType = sourcecode.c.h; path = ViewController.h; sourceTree = "<group>"; };
		DBA136711D406DA600436EEA /* ViewController.m */ = {isa = PBXFileReference; lastKnownFileType = sourcecode.c.objc; path = ViewController.m; sourceTree = "<group>"; };
		DBA136741D406DA600436EEA /* Base */ = {isa = PBXFileReference; lastKnownFileType = file.storyboard; name = Base; path = Base.lproj/Main.storyboard; sourceTree = "<group>"; };
		DBA136761D406DA600436EEA /* Assets.xcassets */ = {isa = PBXFileReference; lastKnownFileType = folder.assetcatalog; path = Assets.xcassets; sourceTree = "<group>"; };
		DBA136791D406DA600436EEA /* Base */ = {isa = PBXFileReference; lastKnownFileType = file.storyboard; name = Base; path = Base.lproj/LaunchScreen.storyboard; sourceTree = "<group>"; };
		DBA1367B1D406DA600436EEA /* Info.plist */ = {isa = PBXFileReference; lastKnownFileType = text.plist.xml; path = Info.plist; sourceTree = "<group>"; };
		DBA136801D406DA600436EEA /* CollectionBannerViewTests.xctest */ = {isa = PBXFileReference; explicitFileType = wrapper.cfbundle; includeInIndex = 0; path = CollectionBannerViewTests.xctest; sourceTree = BUILT_PRODUCTS_DIR; };
		DBA136841D406DA600436EEA /* CollectionBannerViewTests.m */ = {isa = PBXFileReference; lastKnownFileType = sourcecode.c.objc; path = CollectionBannerViewTests.m; sourceTree = "<group>"; };
		DBA136861D406DA600436EEA /* Info.plist */ = {isa = PBXFileReference; lastKnownFileType = text.plist.xml; path = Info.plist; sourceTree = "<group>"; };
		DBA1368B1D406DA600436EEA /* CollectionBannerViewUITests.xctest */ = {isa = PBXFileReference; explicitFileType = wrapper.cfbundle; includeInIndex = 0; path = CollectionBannerViewUITests.xctest; sourceTree = BUILT_PRODUCTS_DIR; };
		DBA1368F1D406DA600436EEA /* CollectionBannerViewUITests.m */ = {isa = PBXFileReference; lastKnownFileType = sourcecode.c.objc; path = CollectionBannerViewUITests.m; sourceTree = "<group>"; };
		DBA136911D406DA600436EEA /* Info.plist */ = {isa = PBXFileReference; lastKnownFileType = text.plist.xml; path = Info.plist; sourceTree = "<group>"; };
		DBA136B41D40749300436EEA /* YZZBanner2.png */ = {isa = PBXFileReference; lastKnownFileType = image.png; path = YZZBanner2.png; sourceTree = "<group>"; };
		DBA136B51D40749300436EEA /* YZZBanner2@2x.png */ = {isa = PBXFileReference; lastKnownFileType = image.png; path = "YZZBanner2@2x.png"; sourceTree = "<group>"; };
		DBA136B61D40749300436EEA /* YZZBanner2@3x.png */ = {isa = PBXFileReference; lastKnownFileType = image.png; path = "YZZBanner2@3x.png"; sourceTree = "<group>"; };
		DBA136BA1D40755D00436EEA /* YZZBanner1.png */ = {isa = PBXFileReference; lastKnownFileType = image.png; path = YZZBanner1.png; sourceTree = "<group>"; };
		DBA136BB1D40755D00436EEA /* YZZBanner1@2x.png */ = {isa = PBXFileReference; lastKnownFileType = image.png; path = "YZZBanner1@2x.png"; sourceTree = "<group>"; };
		DBA136BC1D40755D00436EEA /* YZZBanner1@3x.png */ = {isa = PBXFileReference; lastKnownFileType = image.png; path = "YZZBanner1@3x.png"; sourceTree = "<group>"; };
		DBA136BD1D40755D00436EEA /* YZZBanner3.png */ = {isa = PBXFileReference; lastKnownFileType = image.png; path = YZZBanner3.png; sourceTree = "<group>"; };
		DBA136BE1D40755D00436EEA /* YZZBanner3@2x.png */ = {isa = PBXFileReference; lastKnownFileType = image.png; path = "YZZBanner3@2x.png"; sourceTree = "<group>"; };
		DBA136BF1D40755D00436EEA /* YZZBanner3@3x.png */ = {isa = PBXFileReference; lastKnownFileType = image.png; path = "YZZBanner3@3x.png"; sourceTree = "<group>"; };
/* End PBXFileReference section */

/* Begin PBXFrameworksBuildPhase section */
		DBA136641D406DA600436EEA /* Frameworks */ = {
			isa = PBXFrameworksBuildPhase;
			buildActionMask = 2147483647;
			files = (
			);
			runOnlyForDeploymentPostprocessing = 0;
		};
		DBA1367D1D406DA600436EEA /* Frameworks */ = {
			isa = PBXFrameworksBuildPhase;
			buildActionMask = 2147483647;
			files = (
			);
			runOnlyForDeploymentPostprocessing = 0;
		};
		DBA136881D406DA600436EEA /* Frameworks */ = {
			isa = PBXFrameworksBuildPhase;
			buildActionMask = 2147483647;
			files = (
			);
			runOnlyForDeploymentPostprocessing = 0;
		};
/* End PBXFrameworksBuildPhase section */

/* Begin PBXGroup section */
		DB5D9FF01D42048A0025FD21 /* RITLBannerView */ = {
			isa = PBXGroup;
			children = (
				DB5D9FF11D42048A0025FD21 /* RITLBannerCell.h */,
				DB5D9FF21D42048A0025FD21 /* RITLBannerCell.m */,
				DB5D9FF31D42048A0025FD21 /* RITLBannerCell.xib */,
				DB5D9FF41D42048A0025FD21 /* RITLBannerTimer.h */,
				DB5D9FF51D42048A0025FD21 /* RITLBannerTimer.m */,
				DB5D9FF61D42048A0025FD21 /* RITLBannerView.h */,
				DB5D9FF71D42048A0025FD21 /* RITLBannerView.m */,
				DB5D9FF81D42048A0025FD21 /* YWebImage */,
				DB5D9FFF1D42048A0025FD21 /* YWebImage+UIKit */,
			);
			path = RITLBannerView;
			sourceTree = "<group>";
		};
		DB5D9FF81D42048A0025FD21 /* YWebImage */ = {
			isa = PBXGroup;
			children = (
				DB5D9FF91D42048A0025FD21 /* YWebDataHandle.h */,
				DB5D9FFA1D42048A0025FD21 /* YWebDataHandle.m */,
				DB5D9FFB1D42048A0025FD21 /* YWebDownManager.h */,
				DB5D9FFC1D42048A0025FD21 /* YWebDownManager.m */,
				DB5D9FFD1D42048A0025FD21 /* YWebFileManager.h */,
				DB5D9FFE1D42048A0025FD21 /* YWebFileManager.m */,
			);
			path = YWebImage;
			sourceTree = "<group>";
		};
		DB5D9FFF1D42048A0025FD21 /* YWebImage+UIKit */ = {
			isa = PBXGroup;
			children = (
				DB5DA0001D42048A0025FD21 /* UIImageView+YWebImage.h */,
				DB5DA0011D42048A0025FD21 /* UIImageView+YWebImage.m */,
			);
			path = "YWebImage+UIKit";
			sourceTree = "<group>";
		};
		DBA1365E1D406DA600436EEA = {
			isa = PBXGroup;
			children = (
				DBA136691D406DA600436EEA /* CollectionBannerView */,
				DBA136831D406DA600436EEA /* CollectionBannerViewTests */,
				DBA1368E1D406DA600436EEA /* CollectionBannerViewUITests */,
				DBA136681D406DA600436EEA /* Products */,
			);
			sourceTree = "<group>";
		};
		DBA136681D406DA600436EEA /* Products */ = {
			isa = PBXGroup;
			children = (
				DBA136671D406DA600436EEA /* CollectionBannerView.app */,
				DBA136801D406DA600436EEA /* CollectionBannerViewTests.xctest */,
				DBA1368B1D406DA600436EEA /* CollectionBannerViewUITests.xctest */,
			);
			name = Products;
			sourceTree = "<group>";
		};
		DBA136691D406DA600436EEA /* CollectionBannerView */ = {
			isa = PBXGroup;
			children = (
				DB5D9FF01D42048A0025FD21 /* RITLBannerView */,
				DBA136BA1D40755D00436EEA /* YZZBanner1.png */,
				DBA136BB1D40755D00436EEA /* YZZBanner1@2x.png */,
				DBA136BC1D40755D00436EEA /* YZZBanner1@3x.png */,
				DBA136BD1D40755D00436EEA /* YZZBanner3.png */,
				DBA136BE1D40755D00436EEA /* YZZBanner3@2x.png */,
				DBA136BF1D40755D00436EEA /* YZZBanner3@3x.png */,
				DBA136B41D40749300436EEA /* YZZBanner2.png */,
				DBA136B51D40749300436EEA /* YZZBanner2@2x.png */,
				DBA136B61D40749300436EEA /* YZZBanner2@3x.png */,
				DBA1366D1D406DA600436EEA /* AppDelegate.h */,
				DBA1366E1D406DA600436EEA /* AppDelegate.m */,
				DBA136701D406DA600436EEA /* ViewController.h */,
				DBA136711D406DA600436EEA /* ViewController.m */,
				DBA136731D406DA600436EEA /* Main.storyboard */,
				DBA136761D406DA600436EEA /* Assets.xcassets */,
				DBA136781D406DA600436EEA /* LaunchScreen.storyboard */,
				DBA1367B1D406DA600436EEA /* Info.plist */,
				DBA1366A1D406DA600436EEA /* Supporting Files */,
				DB249C001D40CA5C00F30E41 /* PrefixHeader.pch */,
			);
			path = CollectionBannerView;
			sourceTree = "<group>";
		};
		DBA1366A1D406DA600436EEA /* Supporting Files */ = {
			isa = PBXGroup;
			children = (
				DBA1366B1D406DA600436EEA /* main.m */,
			);
			name = "Supporting Files";
			sourceTree = "<group>";
		};
		DBA136831D406DA600436EEA /* CollectionBannerViewTests */ = {
			isa = PBXGroup;
			children = (
				DBA136841D406DA600436EEA /* CollectionBannerViewTests.m */,
				DBA136861D406DA600436EEA /* Info.plist */,
			);
			path = CollectionBannerViewTests;
			sourceTree = "<group>";
		};
		DBA1368E1D406DA600436EEA /* CollectionBannerViewUITests */ = {
			isa = PBXGroup;
			children = (
				DBA1368F1D406DA600436EEA /* CollectionBannerViewUITests.m */,
				DBA136911D406DA600436EEA /* Info.plist */,
			);
			path = CollectionBannerViewUITests;
			sourceTree = "<group>";
		};
/* End PBXGroup section */

/* Begin PBXNativeTarget section */
		DBA136661D406DA600436EEA /* CollectionBannerView */ = {
			isa = PBXNativeTarget;
			buildConfigurationList = DBA136941D406DA600436EEA /* Build configuration list for PBXNativeTarget "CollectionBannerView" */;
			buildPhases = (
				DBA136631D406DA600436EEA /* Sources */,
				DBA136641D406DA600436EEA /* Frameworks */,
				DBA136651D406DA600436EEA /* Resources */,
			);
			buildRules = (
			);
			dependencies = (
			);
			name = CollectionBannerView;
			productName = CollectionBannerView;
			productReference = DBA136671D406DA600436EEA /* CollectionBannerView.app */;
			productType = "com.apple.product-type.application";
		};
		DBA1367F1D406DA600436EEA /* CollectionBannerViewTests */ = {
			isa = PBXNativeTarget;
			buildConfigurationList = DBA136971D406DA600436EEA /* Build configuration list for PBXNativeTarget "CollectionBannerViewTests" */;
			buildPhases = (
				DBA1367C1D406DA600436EEA /* Sources */,
				DBA1367D1D406DA600436EEA /* Frameworks */,
				DBA1367E1D406DA600436EEA /* Resources */,
			);
			buildRules = (
			);
			dependencies = (
				DBA136821D406DA600436EEA /* PBXTargetDependency */,
			);
			name = CollectionBannerViewTests;
			productName = CollectionBannerViewTests;
			productReference = DBA136801D406DA600436EEA /* CollectionBannerViewTests.xctest */;
			productType = "com.apple.product-type.bundle.unit-test";
		};
		DBA1368A1D406DA600436EEA /* CollectionBannerViewUITests */ = {
			isa = PBXNativeTarget;
			buildConfigurationList = DBA1369A1D406DA600436EEA /* Build configuration list for PBXNativeTarget "CollectionBannerViewUITests" */;
			buildPhases = (
				DBA136871D406DA600436EEA /* Sources */,
				DBA136881D406DA600436EEA /* Frameworks */,
				DBA136891D406DA600436EEA /* Resources */,
			);
			buildRules = (
			);
			dependencies = (
				DBA1368D1D406DA600436EEA /* PBXTargetDependency */,
			);
			name = CollectionBannerViewUITests;
			productName = CollectionBannerViewUITests;
			productReference = DBA1368B1D406DA600436EEA /* CollectionBannerViewUITests.xctest */;
			productType = "com.apple.product-type.bundle.ui-testing";
		};
/* End PBXNativeTarget section */

/* Begin PBXProject section */
		DBA1365F1D406DA600436EEA /* Project object */ = {
			isa = PBXProject;
			attributes = {
				LastUpgradeCheck = 0730;
				ORGANIZATIONNAME = YueWen;
				TargetAttributes = {
					DBA136661D406DA600436EEA = {
						CreatedOnToolsVersion = 7.3.1;
					};
					DBA1367F1D406DA600436EEA = {
						CreatedOnToolsVersion = 7.3.1;
						TestTargetID = DBA136661D406DA600436EEA;
					};
					DBA1368A1D406DA600436EEA = {
						CreatedOnToolsVersion = 7.3.1;
						TestTargetID = DBA136661D406DA600436EEA;
					};
				};
			};
			buildConfigurationList = DBA136621D406DA600436EEA /* Build configuration list for PBXProject "CollectionBannerView" */;
			compatibilityVersion = "Xcode 3.2";
			developmentRegion = English;
			hasScannedForEncodings = 0;
			knownRegions = (
				en,
				Base,
			);
			mainGroup = DBA1365E1D406DA600436EEA;
			productRefGroup = DBA136681D406DA600436EEA /* Products */;
			projectDirPath = "";
			projectRoot = "";
			targets = (
				DBA136661D406DA600436EEA /* CollectionBannerView */,
				DBA1367F1D406DA600436EEA /* CollectionBannerViewTests */,
				DBA1368A1D406DA600436EEA /* CollectionBannerViewUITests */,
			);
		};
/* End PBXProject section */

/* Begin PBXResourcesBuildPhase section */
		DBA136651D406DA600436EEA /* Resources */ = {
			isa = PBXResourcesBuildPhase;
			buildActionMask = 2147483647;
			files = (
				DBA136C41D40755D00436EEA /* YZZBanner3@2x.png in Resources */,
				DBA1367A1D406DA600436EEA /* LaunchScreen.storyboard in Resources */,
				DBA136C11D40755D00436EEA /* YZZBanner1@2x.png in Resources */,
				DBA136C21D40755D00436EEA /* YZZBanner1@3x.png in Resources */,
				DBA136B71D40749300436EEA /* YZZBanner2.png in Resources */,
				DBA136771D406DA600436EEA /* Assets.xcassets in Resources */,
				DBA136751D406DA600436EEA /* Main.storyboard in Resources */,
				DBA136C01D40755D00436EEA /* YZZBanner1.png in Resources */,
				DBA136C31D40755D00436EEA /* YZZBanner3.png in Resources */,
				DBA136B91D40749300436EEA /* YZZBanner2@3x.png in Resources */,
				DBA136C51D40755D00436EEA /* YZZBanner3@3x.png in Resources */,
				DB5DA0031D42048A0025FD21 /* RITLBannerCell.xib in Resources */,
				DBA136B81D40749300436EEA /* YZZBanner2@2x.png in Resources */,
			);
			runOnlyForDeploymentPostprocessing = 0;
		};
		DBA1367E1D406DA600436EEA /* Resources */ = {
			isa = PBXResourcesBuildPhase;
			buildActionMask = 2147483647;
			files = (
			);
			runOnlyForDeploymentPostprocessing = 0;
		};
		DBA136891D406DA600436EEA /* Resources */ = {
			isa = PBXResourcesBuildPhase;
			buildActionMask = 2147483647;
			files = (
			);
			runOnlyForDeploymentPostprocessing = 0;
		};
/* End PBXResourcesBuildPhase section */

/* Begin PBXSourcesBuildPhase section */
		DBA136631D406DA600436EEA /* Sources */ = {
			isa = PBXSourcesBuildPhase;
			buildActionMask = 2147483647;
			files = (
				DB5DA0021D42048A0025FD21 /* RITLBannerCell.m in Sources */,
				DB5DA0081D42048A0025FD21 /* YWebFileManager.m in Sources */,
				DBA136721D406DA600436EEA /* ViewController.m in Sources */,
				DB5DA0051D42048A0025FD21 /* RITLBannerView.m in Sources */,
				DB5DA0071D42048A0025FD21 /* YWebDownManager.m in Sources */,
				DBA1366F1D406DA600436EEA /* AppDelegate.m in Sources */,
				DB5DA0061D42048A0025FD21 /* YWebDataHandle.m in Sources */,
				DB5DA0041D42048A0025FD21 /* RITLBannerTimer.m in Sources */,
				DBA1366C1D406DA600436EEA /* main.m in Sources */,
				DB5DA0091D42048A0025FD21 /* UIImageView+YWebImage.m in Sources */,
			);
			runOnlyForDeploymentPostprocessing = 0;
		};
		DBA1367C1D406DA600436EEA /* Sources */ = {
			isa = PBXSourcesBuildPhase;
			buildActionMask = 2147483647;
			files = (
				DBA136851D406DA600436EEA /* CollectionBannerViewTests.m in Sources */,
			);
			runOnlyForDeploymentPostprocessing = 0;
		};
		DBA136871D406DA600436EEA /* Sources */ = {
			isa = PBXSourcesBuildPhase;
			buildActionMask = 2147483647;
			files = (
				DBA136901D406DA600436EEA /* CollectionBannerViewUITests.m in Sources */,
			);
			runOnlyForDeploymentPostprocessing = 0;
		};
/* End PBXSourcesBuildPhase section */

/* Begin PBXTargetDependency section */
		DBA136821D406DA600436EEA /* PBXTargetDependency */ = {
			isa = PBXTargetDependency;
			target = DBA136661D406DA600436EEA /* CollectionBannerView */;
			targetProxy = DBA136811D406DA600436EEA /* PBXContainerItemProxy */;
		};
		DBA1368D1D406DA600436EEA /* PBXTargetDependency */ = {
			isa = PBXTargetDependency;
			target = DBA136661D406DA600436EEA /* CollectionBannerView */;
			targetProxy = DBA1368C1D406DA600436EEA /* PBXContainerItemProxy */;
		};
/* End PBXTargetDependency section */

/* Begin PBXVariantGroup section */
		DBA136731D406DA600436EEA /* Main.storyboard */ = {
			isa = PBXVariantGroup;
			children = (
				DBA136741D406DA600436EEA /* Base */,
			);
			name = Main.storyboard;
			sourceTree = "<group>";
		};
		DBA136781D406DA600436EEA /* LaunchScreen.storyboard */ = {
			isa = PBXVariantGroup;
			children = (
				DBA136791D406DA600436EEA /* Base */,
			);
			name = LaunchScreen.storyboard;
			sourceTree = "<group>";
		};
/* End PBXVariantGroup section */

/* Begin XCBuildConfiguration section */
		DBA136921D406DA600436EEA /* Debug */ = {
			isa = XCBuildConfiguration;
			buildSettings = {
				ALWAYS_SEARCH_USER_PATHS = NO;
				CLANG_ANALYZER_NONNULL = YES;
				CLANG_CXX_LANGUAGE_STANDARD = "gnu++0x";
				CLANG_CXX_LIBRARY = "libc++";
				CLANG_ENABLE_MODULES = YES;
				CLANG_ENABLE_OBJC_ARC = YES;
				CLANG_WARN_BOOL_CONVERSION = YES;
				CLANG_WARN_CONSTANT_CONVERSION = YES;
				CLANG_WARN_DIRECT_OBJC_ISA_USAGE = YES_ERROR;
				CLANG_WARN_EMPTY_BODY = YES;
				CLANG_WARN_ENUM_CONVERSION = YES;
				CLANG_WARN_INT_CONVERSION = YES;
				CLANG_WARN_OBJC_ROOT_CLASS = YES_ERROR;
				CLANG_WARN_UNREACHABLE_CODE = YES;
				CLANG_WARN__DUPLICATE_METHOD_MATCH = YES;
				"CODE_SIGN_IDENTITY[sdk=iphoneos*]" = "iPhone Developer";
				COPY_PHASE_STRIP = NO;
				DEBUG_INFORMATION_FORMAT = dwarf;
				ENABLE_STRICT_OBJC_MSGSEND = YES;
				ENABLE_TESTABILITY = YES;
				GCC_C_LANGUAGE_STANDARD = gnu99;
				GCC_DYNAMIC_NO_PIC = NO;
				GCC_NO_COMMON_BLOCKS = YES;
				GCC_OPTIMIZATION_LEVEL = 0;
				GCC_PREPROCESSOR_DEFINITIONS = (
					"DEBUG=1",
					"$(inherited)",
				);
				GCC_WARN_64_TO_32_BIT_CONVERSION = YES;
				GCC_WARN_ABOUT_RETURN_TYPE = YES_ERROR;
				GCC_WARN_UNDECLARED_SELECTOR = YES;
				GCC_WARN_UNINITIALIZED_AUTOS = YES_AGGRESSIVE;
				GCC_WARN_UNUSED_FUNCTION = YES;
				GCC_WARN_UNUSED_VARIABLE = YES;
				IPHONEOS_DEPLOYMENT_TARGET = 9.3;
				MTL_ENABLE_DEBUG_INFO = YES;
				ONLY_ACTIVE_ARCH = YES;
				SDKROOT = iphoneos;
			};
			name = Debug;
		};
		DBA136931D406DA600436EEA /* Release */ = {
			isa = XCBuildConfiguration;
			buildSettings = {
				ALWAYS_SEARCH_USER_PATHS = NO;
				CLANG_ANALYZER_NONNULL = YES;
				CLANG_CXX_LANGUAGE_STANDARD = "gnu++0x";
				CLANG_CXX_LIBRARY = "libc++";
				CLANG_ENABLE_MODULES = YES;
				CLANG_ENABLE_OBJC_ARC = YES;
				CLANG_WARN_BOOL_CONVERSION = YES;
				CLANG_WARN_CONSTANT_CONVERSION = YES;
				CLANG_WARN_DIRECT_OBJC_ISA_USAGE = YES_ERROR;
				CLANG_WARN_EMPTY_BODY = YES;
				CLANG_WARN_ENUM_CONVERSION = YES;
				CLANG_WARN_INT_CONVERSION = YES;
				CLANG_WARN_OBJC_ROOT_CLASS = YES_ERROR;
				CLANG_WARN_UNREACHABLE_CODE = YES;
				CLANG_WARN__DUPLICATE_METHOD_MATCH = YES;
				"CODE_SIGN_IDENTITY[sdk=iphoneos*]" = "iPhone Developer";
				COPY_PHASE_STRIP = NO;
				DEBUG_INFORMATION_FORMAT = "dwarf-with-dsym";
				ENABLE_NS_ASSERTIONS = NO;
				ENABLE_STRICT_OBJC_MSGSEND = YES;
				GCC_C_LANGUAGE_STANDARD = gnu99;
				GCC_NO_COMMON_BLOCKS = YES;
				GCC_WARN_64_TO_32_BIT_CONVERSION = YES;
				GCC_WARN_ABOUT_RETURN_TYPE = YES_ERROR;
				GCC_WARN_UNDECLARED_SELECTOR = YES;
				GCC_WARN_UNINITIALIZED_AUTOS = YES_AGGRESSIVE;
				GCC_WARN_UNUSED_FUNCTION = YES;
				GCC_WARN_UNUSED_VARIABLE = YES;
				IPHONEOS_DEPLOYMENT_TARGET = 9.3;
				MTL_ENABLE_DEBUG_INFO = NO;
				SDKROOT = iphoneos;
				VALIDATE_PRODUCT = YES;
			};
			name = Release;
		};
		DBA136951D406DA600436EEA /* Debug */ = {
			isa = XCBuildConfiguration;
			buildSettings = {
				ASSETCATALOG_COMPILER_APPICON_NAME = AppIcon;
				GCC_PREFIX_HEADER = CollectionBannerView/PrefixHeader.pch;
				INFOPLIST_FILE = CollectionBannerView/Info.plist;
				LD_RUNPATH_SEARCH_PATHS = "$(inherited) @executable_path/Frameworks";
				PRODUCT_BUNDLE_IDENTIFIER = com.yue.CollectionBannerView;
				PRODUCT_NAME = "$(TARGET_NAME)";
			};
			name = Debug;
		};
		DBA136961D406DA600436EEA /* Release */ = {
			isa = XCBuildConfiguration;
			buildSettings = {
				ASSETCATALOG_COMPILER_APPICON_NAME = AppIcon;
				GCC_PREFIX_HEADER = CollectionBannerView/PrefixHeader.pch;
				INFOPLIST_FILE = CollectionBannerView/Info.plist;
				LD_RUNPATH_SEARCH_PATHS = "$(inherited) @executable_path/Frameworks";
				PRODUCT_BUNDLE_IDENTIFIER = com.yue.CollectionBannerView;
				PRODUCT_NAME = "$(TARGET_NAME)";
			};
			name = Release;
		};
		DBA136981D406DA600436EEA /* Debug */ = {
			isa = XCBuildConfiguration;
			buildSettings = {
				BUNDLE_LOADER = "$(TEST_HOST)";
				INFOPLIST_FILE = CollectionBannerViewTests/Info.plist;
				LD_RUNPATH_SEARCH_PATHS = "$(inherited) @executable_path/Frameworks @loader_path/Frameworks";
				PRODUCT_BUNDLE_IDENTIFIER = com.yue.CollectionBannerViewTests;
				PRODUCT_NAME = "$(TARGET_NAME)";
				TEST_HOST = "$(BUILT_PRODUCTS_DIR)/CollectionBannerView.app/CollectionBannerView";
			};
			name = Debug;
		};
		DBA136991D406DA600436EEA /* Release */ = {
			isa = XCBuildConfiguration;
			buildSettings = {
				BUNDLE_LOADER = "$(TEST_HOST)";
				INFOPLIST_FILE = CollectionBannerViewTests/Info.plist;
				LD_RUNPATH_SEARCH_PATHS = "$(inherited) @executable_path/Frameworks @loader_path/Frameworks";
				PRODUCT_BUNDLE_IDENTIFIER = com.yue.CollectionBannerViewTests;
				PRODUCT_NAME = "$(TARGET_NAME)";
				TEST_HOST = "$(BUILT_PRODUCTS_DIR)/CollectionBannerView.app/CollectionBannerView";
			};
			name = Release;
		};
		DBA1369B1D406DA600436EEA /* Debug */ = {
			isa = XCBuildConfiguration;
			buildSettings = {
				INFOPLIST_FILE = CollectionBannerViewUITests/Info.plist;
				LD_RUNPATH_SEARCH_PATHS = "$(inherited) @executable_path/Frameworks @loader_path/Frameworks";
				PRODUCT_BUNDLE_IDENTIFIER = com.yue.CollectionBannerViewUITests;
				PRODUCT_NAME = "$(TARGET_NAME)";
				TEST_TARGET_NAME = CollectionBannerView;
			};
			name = Debug;
		};
		DBA1369C1D406DA600436EEA /* Release */ = {
			isa = XCBuildConfiguration;
			buildSettings = {
				INFOPLIST_FILE = CollectionBannerViewUITests/Info.plist;
				LD_RUNPATH_SEARCH_PATHS = "$(inherited) @executable_path/Frameworks @loader_path/Frameworks";
				PRODUCT_BUNDLE_IDENTIFIER = com.yue.CollectionBannerViewUITests;
				PRODUCT_NAME = "$(TARGET_NAME)";
				TEST_TARGET_NAME = CollectionBannerView;
			};
			name = Release;
		};
/* End XCBuildConfiguration section */

/* Begin XCConfigurationList section */
		DBA136621D406DA600436EEA /* Build configuration list for PBXProject "CollectionBannerView" */ = {
			isa = XCConfigurationList;
			buildConfigurations = (
				DBA136921D406DA600436EEA /* Debug */,
				DBA136931D406DA600436EEA /* Release */,
			);
			defaultConfigurationIsVisible = 0;
			defaultConfigurationName = Release;
		};
		DBA136941D406DA600436EEA /* Build configuration list for PBXNativeTarget "CollectionBannerView" */ = {
			isa = XCConfigurationList;
			buildConfigurations = (
				DBA136951D406DA600436EEA /* Debug */,
				DBA136961D406DA600436EEA /* Release */,
			);
			defaultConfigurationIsVisible = 0;
			defaultConfigurationName = Release;
		};
		DBA136971D406DA600436EEA /* Build configuration list for PBXNativeTarget "CollectionBannerViewTests" */ = {
			isa = XCConfigurationList;
			buildConfigurations = (
				DBA136981D406DA600436EEA /* Debug */,
				DBA136991D406DA600436EEA /* Release */,
			);
			defaultConfigurationIsVisible = 0;
			defaultConfigurationName = Release;
		};
		DBA1369A1D406DA600436EEA /* Build configuration list for PBXNativeTarget "CollectionBannerViewUITests" */ = {
			isa = XCConfigurationList;
			buildConfigurations = (
				DBA1369B1D406DA600436EEA /* Debug */,
				DBA1369C1D406DA600436EEA /* Release */,
			);
			defaultConfigurationIsVisible = 0;
			defaultConfigurationName = Release;
		};
/* End XCConfigurationList section */
	};
	rootObject = DBA1365F1D406DA600436EEA /* Project object */;
}
